
Microsoft Visual Studio Solution File, Format Version 12.00
# Visual Studio Version 16
VisualStudioVersion = 16.0.29411.108
MinimumVisualStudioVersion = 10.0.40219.1
Project("{FAE04EC0-301F-11D3-BF4B-00C04F79EFBC}") = "TI_Kalkulator", "TI_Kalkulator\TI_Kalkulator.csproj", "{D4BB126F-D366-46BD-8730-0976C8521E5D}"
EndProject
Global
	GlobalSection(SolutionConfigurationPlatforms) = preSolution
		Debug|Any CPU = Debug|Any CPU
		Release|Any CPU = Release|Any CPU
	EndGlobalSection
	GlobalSection(ProjectConfigurationPlatforms) = postSolution
		{D4BB126F-D366-46BD-8730-0976C8521E5D}.Debug|Any CPU.ActiveCfg = Debug|Any CPU
		{D4BB126F-D366-46BD-8730-0976C8521E5D}.Debug|Any CPU.Build.0 = Debug|Any CPU
		{D4BB126F-D366-46BD-8730-0976C8521E5D}.Release|Any CPU.ActiveCfg = Release|Any CPU
		{D4BB126F-D366-46BD-8730-0976C8521E5D}.Release|Any CPU.Build.0 = Release|Any CPU
	EndGlobalSection
	GlobalSection(SolutionProperties) = preSolution
		HideSolutionNode = FALSE
	EndGlobalSection
	GlobalSection(ExtensibilityGlobals) = postSolution
		SolutionGuid = {350D7D18-D7F5-4B8B-A9F9-EC232A910BF4}
	EndGlobalSection
EndGlobal
